
Microsoft Visual Studio Solution File, Format Version 12.00
# Visual Studio Version 17
VisualStudioVersion = 17.13.35828.75 d17.13
MinimumVisualStudioVersion = 10.0.40219.1
Project("{FAE04EC0-301F-11D3-BF4B-00C04F79EFBC}") = "13_Lab_Charp_ISP-233", "13_Lab_Charp_ISP-233\13_Lab_Charp_ISP-233.csproj", "{34A114EF-440A-45CB-8326-882B8FF5A4FF}"
EndProject
Project("{FAE04EC0-301F-11D3-BF4B-00C04F79EFBC}") = "TudoApp", "TudoApp\TudoApp.csproj", "{495C6E7B-4452-499A-83DA-747437EE03FD}"
EndProject
Global
	GlobalSection(SolutionConfigurationPlatforms) = preSolution
		Debug|Any CPU = Debug|Any CPU
		Release|Any CPU = Release|Any CPU
	EndGlobalSection
	GlobalSection(ProjectConfigurationPlatforms) = postSolution
		{34A114EF-440A-45CB-8326-882B8FF5A4FF}.Debug|Any CPU.ActiveCfg = Debug|Any CPU
		{34A114EF-440A-45CB-8326-882B8FF5A4FF}.Debug|Any CPU.Build.0 = Debug|Any CPU
		{34A114EF-440A-45CB-8326-882B8FF5A4FF}.Release|Any CPU.ActiveCfg = Release|Any CPU
		{34A114EF-440A-45CB-8326-882B8FF5A4FF}.Release|Any CPU.Build.0 = Release|Any CPU
		{495C6E7B-4452-499A-83DA-747437EE03FD}.Debug|Any CPU.ActiveCfg = Debug|Any CPU
		{495C6E7B-4452-499A-83DA-747437EE03FD}.Debug|Any CPU.Build.0 = Debug|Any CPU
		{495C6E7B-4452-499A-83DA-747437EE03FD}.Release|Any CPU.ActiveCfg = Release|Any CPU
		{495C6E7B-4452-499A-83DA-747437EE03FD}.Release|Any CPU.Build.0 = Release|Any CPU
	EndGlobalSection
	GlobalSection(SolutionProperties) = preSolution
		HideSolutionNode = FALSE
	EndGlobalSection
	GlobalSection(ExtensibilityGlobals) = postSolution
		SolutionGuid = {8AE73BF4-4E60-4537-80BC-5DCD88CD2336}
	EndGlobalSection
EndGlobal
